
Microsoft Visual Studio Solution File, Format Version 12.00
# Visual Studio 15
VisualStudioVersion = 15.0.28307.852
MinimumVisualStudioVersion = 10.0.40219.1
Project("{8BC9CEB8-8B4A-11D0-8D11-00A0C91BC942}") = "WxPrototype", "WxPrototype.vcxproj", "{E26BFB66-5401-47FD-BF89-AD3024BBA52A}"
EndProject
Global
	GlobalSection(SolutionConfigurationPlatforms) = preSolution
		Debug|x64 = Debug|x64
		Release|x64 = Release|x64
	EndGlobalSection
	GlobalSection(ProjectConfigurationPlatforms) = postSolution
		{E26BFB66-5401-47FD-BF89-AD3024BBA52A}.Debug|x64.ActiveCfg = Debug|x64
		{E26BFB66-5401-47FD-BF89-AD3024BBA52A}.Debug|x64.Build.0 = Debug|x64
		{E26BFB66-5401-47FD-BF89-AD3024BBA52A}.Release|x64.ActiveCfg = Release|x64
		{E26BFB66-5401-47FD-BF89-AD3024BBA52A}.Release|x64.Build.0 = Release|x64
	EndGlobalSection
	GlobalSection(SolutionProperties) = preSolution
		HideSolutionNode = FALSE
	EndGlobalSection
	GlobalSection(ExtensibilityGlobals) = postSolution
		SolutionGuid = {531188D6-8FF4-4FE0-9C31-B39030402AB3}
	EndGlobalSection
EndGlobal
